<?xml version="1.0" encoding="utf-8"?>
<Project ToolsVersion="4.0" xmlns="http://schemas.microsoft.com/developer/msbuild/2003">
  <ItemGroup>
    <Filter Include="源文件">
      <UniqueIdentifier>{4FC737F1-C7A5-4376-A066-2A32D752A2FF}</UniqueIdentifier>
      <Extensions>cpp;c;cc;cxx;c++;cppm;ixx;def;odl;idl;hpj;bat;asm;asmx</Extensions>
    </Filter>
    <Filter Include="头文件">
      <UniqueIdentifier>{93995380-89BD-4b04-88EB-625FBE52EBFB}</UniqueIdentifier>
      <Extensions>h;hh;hpp;hxx;h++;hm;inl;inc;ipp;xsd</Extensions>
    </Filter>
    <Filter Include="资源文件">
      <UniqueIdentifier>{67DA6AB6-F800-4c08-8B7A-83BB121AAD01}</UniqueIdentifier>
      <Extensions>rc;ico;cur;bmp;dlg;rc2;rct;bin;rgs;gif;jpg;jpeg;jpe;resx;tiff;tif;png;wav;mfcribbon-ms</Extensions>
    </Filter>
  </ItemGroup>
  <ItemGroup>
    <ClInclude Include="MyPhotoshop.h">
      <Filter>头文件</Filter>
    </ClInclude>
    <ClInclude Include="framework.h">
      <Filter>头文件</Filter>
    </ClInclude>
    <ClInclude Include="targetver.h">
      <Filter>头文件</Filter>
    </ClInclude>
    <ClInclude Include="MainFrm.h">
      <Filter>头文件</Filter>
    </ClInclude>
    <ClInclude Include="MyPhotoshopDoc.h">
      <Filter>头文件</Filter>
    </ClInclude>
    <ClInclude Include="MyPhotoshopView.h">
      <Filter>头文件</Filter>
    </ClInclude>
    <ClInclude Include="Resource.h">
      <Filter>头文件</Filter>
    </ClInclude>
    <ClInclude Include="pch.h">
      <Filter>头文件</Filter>
    </ClInclude>
    <ClInclude Include="CImageProc.h">
      <Filter>头文件</Filter>
    </ClInclude>
    <ClInclude Include="CHistogramDlg.h">
      <Filter>头文件</Filter>
    </ClInclude>
    <ClInclude Include="CINTENSITYDlg.h">
      <Filter>头文件</Filter>
    </ClInclude>
    <ClInclude Include="NoiseRatioDialog.h">
      <Filter>头文件</Filter>
    </ClInclude>
    <ClInclude Include="ImpulseNoiseDialog.h">
      <Filter>头文件</Filter>
    </ClInclude>
    <ClInclude Include="GaussianNoiseDialog.h">
      <Filter>头文件</Filter>
    </ClInclude>
    <ClInclude Include="GaussianWhiteNoiseDialog.h">
      <Filter>头文件</Filter>
    </ClInclude>
    <ClInclude Include="Command.h">
      <Filter>头文件</Filter>
    </ClInclude>
    <ClInclude Include="CHighPassFilterDlg.h">
      <Filter>头文件</Filter>
    </ClInclude>
    <ClInclude Include="CLOWFILTERDlg.h">
      <Filter>头文件</Filter>
    </ClInclude>
    <ClInclude Include="CSpectrumDlg.h">
      <Filter>头文件</Filter>
    </ClInclude>
  </ItemGroup>
  <ItemGroup>
    <ClCompile Include="MyPhotoshop.cpp">
      <Filter>源文件</Filter>
    </ClCompile>
    <ClCompile Include="MainFrm.cpp">
      <Filter>源文件</Filter>
    </ClCompile>
    <ClCompile Include="MyPhotoshopDoc.cpp">
      <Filter>源文件</Filter>
    </ClCompile>
    <ClCompile Include="MyPhotoshopView.cpp">
      <Filter>源文件</Filter>
    </ClCompile>
    <ClCompile Include="pch.cpp">
      <Filter>源文件</Filter>
    </ClCompile>
    <ClCompile Include="CImageProc.cpp">
      <Filter>源文件</Filter>
    </ClCompile>
    <ClCompile Include="CHistogramDlg.cpp">
      <Filter>源文件</Filter>
    </ClCompile>
    <ClCompile Include="CINTENSITYDlg.cpp">
      <Filter>源文件</Filter>
    </ClCompile>
    <ClCompile Include="NoiseRatioDialog.cpp">
      <Filter>源文件</Filter>
    </ClCompile>
    <ClCompile Include="ImpulseNoiseDialog.cpp">
      <Filter>源文件</Filter>
    </ClCompile>
    <ClCompile Include="GaussianNoiseDialog.cpp">
      <Filter>源文件</Filter>
    </ClCompile>
    <ClCompile Include="GaussianWhiteNoiseDialog.cpp">
      <Filter>源文件</Filter>
    </ClCompile>
    <ClCompile Include="FilterSizeDialog.h">
      <Filter>头文件</Filter>
    </ClCompile>
    <ClCompile Include="FilterSizeDialog.cpp">
      <Filter>源文件</Filter>
    </ClCompile>
    <ClCompile Include="CHighPassFilterDlg.cpp">
      <Filter>源文件</Filter>
    </ClCompile>
    <ClCompile Include="CLOWFILTERDlg.cpp">
      <Filter>源文件</Filter>
    </ClCompile>
    <ClCompile Include="CSpectrumDlg.cpp">
      <Filter>源文件</Filter>
    </ClCompile>
  </ItemGroup>
  <ItemGroup>
    <ResourceCompile Include="MyPhotoshop.rc">
      <Filter>资源文件</Filter>
    </ResourceCompile>
  </ItemGroup>
  <ItemGroup>
    <None Include="res\MyPhotoshop.rc2">
      <Filter>资源文件</Filter>
    </None>
  </ItemGroup>
  <ItemGroup>
    <Image Include="res\MyPhotoshopDoc.ico">
      <Filter>资源文件</Filter>
    </Image>
    <Image Include="res\MyPhotoshop.ico">
      <Filter>资源文件</Filter>
    </Image>
    <Image Include="res\Toolbar.bmp">
      <Filter>资源文件</Filter>
    </Image>
  </ItemGroup>
</Project>